{
    "_readme": [
        "This file locks the dependencies of your project to a known state",
        "Read more about it at https://getcomposer.org/doc/01-basic-usage.md#composer-lock-the-lock-file",
        "This file is @generated automatically"
    ],
    "content-hash": "3f2471ad0f9ebb845ae1c7bdbcab4b5b",
    "packages": [
        {
            "name": "wfxiang08/thrift_rpc_php",
            "version": "0.2.4-stable",
            "source": {
                "type": "git",
                "url": "https://github.com/wfxiang08/rpc_proxy_php.git",
                "reference": "e68d832aee9c8c8b1daaec8f75c50b3133362d55"
            },
            "dist": {
                "type": "zip",
                "url": "https://api.github.com/repos/wfxiang08/rpc_proxy_php/zipball/e68d832aee9c8c8b1daaec8f75c50b3133362d55",
                "reference": "e68d832aee9c8c8b1daaec8f75c50b3133362d55",
                "shasum": ""
            },
            "type": "project",
            "autoload": {
                "psr-4": {
                    "Thrift\\": "RpcProxy/Thrift/"
                },
                "files": [
                    "RpcProxy/autoload.php"
                ]
            },
            "notification-url": "https://packagist.org/downloads/",
            "license": [
                "MIT"
            ],
            "homepage": "https://github.com/wfxiang08/thrift_rpc_php",
            "keywords": [
                "rpc",
                "thrift"
            ],
            "time": "2017-07-09T00:03:08+00:00"
        }
    ],
    "packages-dev": [],
    "aliases": [],
    "minimum-stability": "stable",
    "stability-flags": [],
    "prefer-stable": false,
    "prefer-lowest": false,
    "platform": [],
    "platform-dev": []
}
