{
    "_readme": [
        "This file locks the dependencies of your project to a known state",
        "Read more about it at https://getcomposer.org/doc/01-basic-usage.md#composer-lock-the-lock-file",
        "This file is @generated automatically"
    ],
    "content-hash": "05161793ee24ded02893b50ecb1c938f",
    "packages": [
        {
            "name": "wfxiang08/thrift_rpc_php",
            "version": "0.2.7-stable",
            "source": {
                "type": "git",
                "url": "https://github.com/wfxiang08/rpc_proxy_php.git",
                "reference": "2003db4ce7060d887c67f018fdb7fac70cfb3cc6"
            },
            "dist": {
                "type": "zip",
                "url": "https://api.github.com/repos/wfxiang08/rpc_proxy_php/zipball/2003db4ce7060d887c67f018fdb7fac70cfb3cc6",
                "reference": "2003db4ce7060d887c67f018fdb7fac70cfb3cc6",
                "shasum": ""
            },
            "type": "project",
            "autoload": {
                "psr-4": {
                    "Thrift\\": "RpcProxy/Thrift/"
                },
                "files": [
                    "RpcProxy/autoload.php"
                ]
            },
            "notification-url": "https://packagist.org/downloads/",
            "license": [
                "MIT"
            ],
            "homepage": "https://github.com/wfxiang08/thrift_rpc_php",
            "keywords": [
                "rpc",
                "thrift"
            ],
            "time": "2017-07-18T02:16:18+00:00"
        }
    ],
    "packages-dev": [],
    "aliases": [],
    "minimum-stability": "stable",
    "stability-flags": [],
    "prefer-stable": false,
    "prefer-lowest": false,
    "platform": [],
    "platform-dev": []
}
