{
    "_readme": [
        "This file locks the dependencies of your project to a known state",
        "Read more about it at https://getcomposer.org/doc/01-basic-usage.md#composer-lock-the-lock-file",
        "This file is @generated automatically"
    ],
    "content-hash": "65211bf4f1bdcffb47fff584d2031258",
    "packages": [
        {
            "name": "wfxiang08/thrift_rpc_php",
            "version": "0.2.3-stable",
            "source": {
                "type": "git",
                "url": "https://github.com/wfxiang08/rpc_proxy_php.git",
                "reference": "3e266b0629bb53631bb4f308ba262395e84713f5"
            },
            "dist": {
                "type": "zip",
                "url": "https://api.github.com/repos/wfxiang08/rpc_proxy_php/zipball/3e266b0629bb53631bb4f308ba262395e84713f5",
                "reference": "3e266b0629bb53631bb4f308ba262395e84713f5",
                "shasum": ""
            },
            "type": "project",
            "autoload": {
                "psr-4": {
                    "Thrift\\": "RpcProxy/Thrift/"
                },
                "files": [
                    "RpcProxy/autoload.php"
                ]
            },
            "notification-url": "https://packagist.org/downloads/",
            "license": [
                "MIT"
            ],
            "homepage": "https://github.com/wfxiang08/thrift_rpc_php",
            "keywords": [
                "rpc",
                "thrift"
            ],
            "time": "2017-07-08T17:05:39+00:00"
        }
    ],
    "packages-dev": [],
    "aliases": [],
    "minimum-stability": "stable",
    "stability-flags": [],
    "prefer-stable": false,
    "prefer-lowest": false,
    "platform": [],
    "platform-dev": []
}
