{
    "_readme": [
        "This file locks the dependencies of your project to a known state",
        "Read more about it at https://getcomposer.org/doc/01-basic-usage.md#composer-lock-the-lock-file",
        "This file is @generated automatically"
    ],
    "content-hash": "e1cdd4b1a8a9a0e20ee2de5bac92b369",
    "packages": [
        {
            "name": "wfxiang08/thrift_rpc_php",
            "version": "0.2-stable",
            "source": {
                "type": "git",
                "url": "https://github.com/wfxiang08/rpc_proxy_php.git",
                "reference": "893fe7fde0430b7fcaf6ff92ffd5614103d3d0e1"
            },
            "dist": {
                "type": "zip",
                "url": "https://api.github.com/repos/wfxiang08/rpc_proxy_php/zipball/893fe7fde0430b7fcaf6ff92ffd5614103d3d0e1",
                "reference": "893fe7fde0430b7fcaf6ff92ffd5614103d3d0e1",
                "shasum": ""
            },
            "type": "project",
            "autoload": {
                "psr-4": {
                    "Thrift\\": "RpcProxy/Thrift/"
                }
            },
            "notification-url": "https://packagist.org/downloads/",
            "license": [
                "MIT"
            ],
            "homepage": "https://github.com/wfxiang08/thrift_rpc_php",
            "keywords": [
                "rpc",
                "thrift"
            ],
            "time": "2017-07-05T16:30:04+00:00"
        }
    ],
    "packages-dev": [],
    "aliases": [],
    "minimum-stability": "stable",
    "stability-flags": [],
    "prefer-stable": false,
    "prefer-lowest": false,
    "platform": [],
    "platform-dev": []
}
