hash: 3cd5de0184532b1d9ec7bb5575df8b558c9d17422337c5c6585d3cbad598fda3
updated: 2017-07-08T19:46:21.487860512+08:00
imports:
- name: github.com/c4pt0r/cfg
  version: 429e6985f0b07bceaa33b57ee612fbca4797a9a6
- name: github.com/coreos/etcd
  version: 1408b337b67d4cb8355b3666b7eb8aaefbbfc167
  subpackages:
  - error
- name: github.com/coreos/go-etcd
  version: 003851be7bb0694fe3cc457a49529a19388ee7cf
  subpackages:
  - etcd
- name: github.com/fatih/color
  version: 34e4ee095d12986a2cef5ddb9aeb3b8cfcfea17c
- name: github.com/mattn/go-colorable
  version: ed8eb9e318d7a84ce5915b495b7d35e0cfe7b5a8
- name: github.com/mattn/go-isatty
  version: 66b8e73f3f5cda9f96b69efd03dd3d7fc4a5cdb8
- name: github.com/ngaut/log
  version: d2af3a61f64d093457fb23b25d20f4ce3cd551ce
- name: github.com/ngaut/logging
  version: f98f5f4cd523647678af6f1726c5b5a14c9193d0
- name: github.com/ngaut/pools
  version: 6352e005618615ffaf1cb1c6622b8e91435751fe
- name: github.com/ngaut/sync2
  version: 7a24ed77b2efb460c1468b7dc917821c66e80e55
- name: github.com/oschwald/maxminddb-golang
  version: d19f6d453e836d12ee8fe895d0494421e93ef8c1
- name: github.com/ugorji/go
  version: ded73eae5db7e7a0ef6f55aace87a2873c5d2b74
  subpackages:
  - codec
- name: github.com/wfxiang08/cyutils
  version: dfb8bc2b5402cb534e3f53cbd9fc3897820f7b07
  subpackages:
  - utils
  - utils/atomic2
  - utils/errors
  - utils/rolling_log
  - utils/trace
- name: github.com/wfxiang08/go-zookeeper
  version: 184aa014b12119755d0eea6ffad2756ca6f73614
  subpackages:
  - zk
- name: github.com/wfxiang08/go_thrift
  version: a20c9e7b36a5ce2ff784c397d0e9b85b55b496c7
  subpackages:
  - thrift
- name: github.com/wfxiang08/rpc_proxy
  version: 78a57527540620ffe59075950b6a4b5efda3097a
  subpackages:
  - src/proxy
- name: github.com/wfxiang08/thrift_rpc_base
  version: ea90195d180d3280bec0eccd3d08dc74f1761972
  subpackages:
  - rpc_thrift/services
  - rpc_utils
  - zkhelper
- name: golang.org/x/sys
  version: e48874b42435b4347fc52bdee0424a52abc974d7
  subpackages:
  - unix
  - windows
testImports: []
